
Microsoft Visual Studio Solution File, Format Version 12.00
# Visual Studio Version 17
VisualStudioVersion = 17.0.31825.309
MinimumVisualStudioVersion = 10.0.40219.1
Project("{2150E333-8FDC-42A3-9474-1A3956D46DE8}") = "Services", "Services", "{84334447-23A2-42A9-A8F3-93448B473A1C}"
EndProject
Project("{2150E333-8FDC-42A3-9474-1A3956D46DE8}") = "Catalog", "Catalog", "{B7FBD18A-28BC-4130-805C-5D90AFC664A3}"
EndProject
Project("{9A19103F-16F7-4668-BE54-9A1E7A4F7556}") = "Catalog.API", "Services\Catalog\Catalog.API\Catalog.API.csproj", "{D34898B2-4D42-4435-93E1-3D49706A2B5E}"
EndProject
Project("{E53339B2-1760-4266-BCC7-CA923CBCF16C}") = "docker-compose", "docker-compose.dcproj", "{631AEA05-1FDF-4A29-82E3-BD70F876892B}"
EndProject
Project("{2150E333-8FDC-42A3-9474-1A3956D46DE8}") = "Basket", "Basket", "{08A83C86-650A-49D4-A973-F4A6A014A84A}"
EndProject
Project("{9A19103F-16F7-4668-BE54-9A1E7A4F7556}") = "Basket.API", "Services\Basket\Basket.API\Basket.API.csproj", "{076E9F2B-0DA9-4858-8BC6-FCE22CD930D8}"
EndProject
Project("{2150E333-8FDC-42A3-9474-1A3956D46DE8}") = "Discount", "Discount", "{C55D9DC4-D4AC-491F-9109-C8B6B3D14E72}"
EndProject
Project("{9A19103F-16F7-4668-BE54-9A1E7A4F7556}") = "Discount.API", "Services\Discount\Discount.API\Discount.API.csproj", "{94C543CA-8F06-47AB-9F8A-D9F6244C3973}"
EndProject
Project("{9A19103F-16F7-4668-BE54-9A1E7A4F7556}") = "Discount.grpc", "Services\Discount\Discount.grpc\Discount.grpc.csproj", "{7F65254C-CAAB-4F75-B752-26C3B87F013D}"
EndProject
Project("{2150E333-8FDC-42A3-9474-1A3956D46DE8}") = "Ordering", "Ordering", "{F9E40BE3-8E6A-45DC-A33C-D148B7F5CBFE}"
EndProject
Project("{9A19103F-16F7-4668-BE54-9A1E7A4F7556}") = "Ordering.API", "Services\Ordering\Ordering.API\Ordering.API.csproj", "{C6F7FD37-01F8-43E3-977F-EA7C9EB8B8E1}"
EndProject
Project("{9A19103F-16F7-4668-BE54-9A1E7A4F7556}") = "Ordering.Domain", "Services\Ordering\Ordering.Domain\Ordering.Domain.csproj", "{5D247B6E-CE6E-470C-8969-946C3C702575}"
EndProject
Project("{9A19103F-16F7-4668-BE54-9A1E7A4F7556}") = "Ordering.Application", "Services\Ordering\Ordering.Application\Ordering.Application.csproj", "{448B0840-9787-409F-A01D-025363F3757A}"
EndProject
Project("{9A19103F-16F7-4668-BE54-9A1E7A4F7556}") = "Ordering.Infrastructure", "Services\Ordering\Ordering.Infrastructure\Ordering.Infrastructure.csproj", "{ECEE9EF6-A435-4E6F-B730-273256D66C60}"
EndProject
Project("{2150E333-8FDC-42A3-9474-1A3956D46DE8}") = "BuildingBlocks", "BuildingBlocks", "{B3B4B4DB-83F5-4E02-AF8D-E77B96B2B0E0}"
EndProject
Project("{9A19103F-16F7-4668-BE54-9A1E7A4F7556}") = "EventBus.Messages", "BuildingBlocks\EventBus.Messages\EventBus.Messages.csproj", "{1BCD1286-74D0-49CB-873E-48F58D376720}"
EndProject
Project("{2150E333-8FDC-42A3-9474-1A3956D46DE8}") = "ApiGateways", "ApiGateways", "{599B3398-3948-4E69-8DF6-3204B5F204E6}"
EndProject
Project("{9A19103F-16F7-4668-BE54-9A1E7A4F7556}") = "OcelotApiGw", "ApiGateways\OcelotApiGw\OcelotApiGw.csproj", "{991834BD-1B6E-41EB-AA5D-EE7EBD0A963E}"
EndProject
Project("{FAE04EC0-301F-11D3-BF4B-00C04F79EFBC}") = "Shopping.Aggregator", "ApiGateways\Shopping.Aggregator\Shopping.Aggregator.csproj", "{4BF33114-093C-46CC-AC1B-F1B52428ADF5}"
EndProject
Project("{2150E333-8FDC-42A3-9474-1A3956D46DE8}") = "WebApps", "WebApps", "{A504822F-0CB9-4C5E-BB3C-62B8B8C0C5D0}"
EndProject
Project("{9A19103F-16F7-4668-BE54-9A1E7A4F7556}") = "AspnetRunBasics", "WebApps\AspnetRunBasics\AspnetRunBasics.csproj", "{8E3B4959-8238-49F7-922C-B57585E3B333}"
EndProject
Global
	GlobalSection(SolutionConfigurationPlatforms) = preSolution
		Debug|Any CPU = Debug|Any CPU
		Release|Any CPU = Release|Any CPU
	EndGlobalSection
	GlobalSection(ProjectConfigurationPlatforms) = postSolution
		{D34898B2-4D42-4435-93E1-3D49706A2B5E}.Debug|Any CPU.ActiveCfg = Debug|Any CPU
		{D34898B2-4D42-4435-93E1-3D49706A2B5E}.Debug|Any CPU.Build.0 = Debug|Any CPU
		{D34898B2-4D42-4435-93E1-3D49706A2B5E}.Release|Any CPU.ActiveCfg = Release|Any CPU
		{D34898B2-4D42-4435-93E1-3D49706A2B5E}.Release|Any CPU.Build.0 = Release|Any CPU
		{631AEA05-1FDF-4A29-82E3-BD70F876892B}.Debug|Any CPU.ActiveCfg = Debug|Any CPU
		{631AEA05-1FDF-4A29-82E3-BD70F876892B}.Debug|Any CPU.Build.0 = Debug|Any CPU
		{631AEA05-1FDF-4A29-82E3-BD70F876892B}.Release|Any CPU.ActiveCfg = Release|Any CPU
		{631AEA05-1FDF-4A29-82E3-BD70F876892B}.Release|Any CPU.Build.0 = Release|Any CPU
		{076E9F2B-0DA9-4858-8BC6-FCE22CD930D8}.Debug|Any CPU.ActiveCfg = Debug|Any CPU
		{076E9F2B-0DA9-4858-8BC6-FCE22CD930D8}.Debug|Any CPU.Build.0 = Debug|Any CPU
		{076E9F2B-0DA9-4858-8BC6-FCE22CD930D8}.Release|Any CPU.ActiveCfg = Release|Any CPU
		{076E9F2B-0DA9-4858-8BC6-FCE22CD930D8}.Release|Any CPU.Build.0 = Release|Any CPU
		{94C543CA-8F06-47AB-9F8A-D9F6244C3973}.Debug|Any CPU.ActiveCfg = Debug|Any CPU
		{94C543CA-8F06-47AB-9F8A-D9F6244C3973}.Debug|Any CPU.Build.0 = Debug|Any CPU
		{94C543CA-8F06-47AB-9F8A-D9F6244C3973}.Release|Any CPU.ActiveCfg = Release|Any CPU
		{94C543CA-8F06-47AB-9F8A-D9F6244C3973}.Release|Any CPU.Build.0 = Release|Any CPU
		{7F65254C-CAAB-4F75-B752-26C3B87F013D}.Debug|Any CPU.ActiveCfg = Debug|Any CPU
		{7F65254C-CAAB-4F75-B752-26C3B87F013D}.Debug|Any CPU.Build.0 = Debug|Any CPU
		{7F65254C-CAAB-4F75-B752-26C3B87F013D}.Release|Any CPU.ActiveCfg = Release|Any CPU
		{7F65254C-CAAB-4F75-B752-26C3B87F013D}.Release|Any CPU.Build.0 = Release|Any CPU
		{C6F7FD37-01F8-43E3-977F-EA7C9EB8B8E1}.Debug|Any CPU.ActiveCfg = Debug|Any CPU
		{C6F7FD37-01F8-43E3-977F-EA7C9EB8B8E1}.Debug|Any CPU.Build.0 = Debug|Any CPU
		{C6F7FD37-01F8-43E3-977F-EA7C9EB8B8E1}.Release|Any CPU.ActiveCfg = Release|Any CPU
		{C6F7FD37-01F8-43E3-977F-EA7C9EB8B8E1}.Release|Any CPU.Build.0 = Release|Any CPU
		{5D247B6E-CE6E-470C-8969-946C3C702575}.Debug|Any CPU.ActiveCfg = Debug|Any CPU
		{5D247B6E-CE6E-470C-8969-946C3C702575}.Debug|Any CPU.Build.0 = Debug|Any CPU
		{5D247B6E-CE6E-470C-8969-946C3C702575}.Release|Any CPU.ActiveCfg = Release|Any CPU
		{5D247B6E-CE6E-470C-8969-946C3C702575}.Release|Any CPU.Build.0 = Release|Any CPU
		{448B0840-9787-409F-A01D-025363F3757A}.Debug|Any CPU.ActiveCfg = Debug|Any CPU
		{448B0840-9787-409F-A01D-025363F3757A}.Debug|Any CPU.Build.0 = Debug|Any CPU
		{448B0840-9787-409F-A01D-025363F3757A}.Release|Any CPU.ActiveCfg = Release|Any CPU
		{448B0840-9787-409F-A01D-025363F3757A}.Release|Any CPU.Build.0 = Release|Any CPU
		{ECEE9EF6-A435-4E6F-B730-273256D66C60}.Debug|Any CPU.ActiveCfg = Debug|Any CPU
		{ECEE9EF6-A435-4E6F-B730-273256D66C60}.Debug|Any CPU.Build.0 = Debug|Any CPU
		{ECEE9EF6-A435-4E6F-B730-273256D66C60}.Release|Any CPU.ActiveCfg = Release|Any CPU
		{ECEE9EF6-A435-4E6F-B730-273256D66C60}.Release|Any CPU.Build.0 = Release|Any CPU
		{1BCD1286-74D0-49CB-873E-48F58D376720}.Debug|Any CPU.ActiveCfg = Debug|Any CPU
		{1BCD1286-74D0-49CB-873E-48F58D376720}.Debug|Any CPU.Build.0 = Debug|Any CPU
		{1BCD1286-74D0-49CB-873E-48F58D376720}.Release|Any CPU.ActiveCfg = Release|Any CPU
		{1BCD1286-74D0-49CB-873E-48F58D376720}.Release|Any CPU.Build.0 = Release|Any CPU
		{991834BD-1B6E-41EB-AA5D-EE7EBD0A963E}.Debug|Any CPU.ActiveCfg = Debug|Any CPU
		{991834BD-1B6E-41EB-AA5D-EE7EBD0A963E}.Debug|Any CPU.Build.0 = Debug|Any CPU
		{991834BD-1B6E-41EB-AA5D-EE7EBD0A963E}.Release|Any CPU.ActiveCfg = Release|Any CPU
		{991834BD-1B6E-41EB-AA5D-EE7EBD0A963E}.Release|Any CPU.Build.0 = Release|Any CPU
		{4BF33114-093C-46CC-AC1B-F1B52428ADF5}.Debug|Any CPU.ActiveCfg = Debug|Any CPU
		{4BF33114-093C-46CC-AC1B-F1B52428ADF5}.Debug|Any CPU.Build.0 = Debug|Any CPU
		{4BF33114-093C-46CC-AC1B-F1B52428ADF5}.Release|Any CPU.ActiveCfg = Release|Any CPU
		{4BF33114-093C-46CC-AC1B-F1B52428ADF5}.Release|Any CPU.Build.0 = Release|Any CPU
		{8E3B4959-8238-49F7-922C-B57585E3B333}.Debug|Any CPU.ActiveCfg = Debug|Any CPU
		{8E3B4959-8238-49F7-922C-B57585E3B333}.Debug|Any CPU.Build.0 = Debug|Any CPU
		{8E3B4959-8238-49F7-922C-B57585E3B333}.Release|Any CPU.ActiveCfg = Release|Any CPU
		{8E3B4959-8238-49F7-922C-B57585E3B333}.Release|Any CPU.Build.0 = Release|Any CPU
	EndGlobalSection
	GlobalSection(SolutionProperties) = preSolution
		HideSolutionNode = FALSE
	EndGlobalSection
	GlobalSection(NestedProjects) = preSolution
		{B7FBD18A-28BC-4130-805C-5D90AFC664A3} = {84334447-23A2-42A9-A8F3-93448B473A1C}
		{D34898B2-4D42-4435-93E1-3D49706A2B5E} = {B7FBD18A-28BC-4130-805C-5D90AFC664A3}
		{08A83C86-650A-49D4-A973-F4A6A014A84A} = {84334447-23A2-42A9-A8F3-93448B473A1C}
		{076E9F2B-0DA9-4858-8BC6-FCE22CD930D8} = {08A83C86-650A-49D4-A973-F4A6A014A84A}
		{C55D9DC4-D4AC-491F-9109-C8B6B3D14E72} = {84334447-23A2-42A9-A8F3-93448B473A1C}
		{94C543CA-8F06-47AB-9F8A-D9F6244C3973} = {C55D9DC4-D4AC-491F-9109-C8B6B3D14E72}
		{7F65254C-CAAB-4F75-B752-26C3B87F013D} = {C55D9DC4-D4AC-491F-9109-C8B6B3D14E72}
		{F9E40BE3-8E6A-45DC-A33C-D148B7F5CBFE} = {84334447-23A2-42A9-A8F3-93448B473A1C}
		{C6F7FD37-01F8-43E3-977F-EA7C9EB8B8E1} = {F9E40BE3-8E6A-45DC-A33C-D148B7F5CBFE}
		{5D247B6E-CE6E-470C-8969-946C3C702575} = {F9E40BE3-8E6A-45DC-A33C-D148B7F5CBFE}
		{448B0840-9787-409F-A01D-025363F3757A} = {F9E40BE3-8E6A-45DC-A33C-D148B7F5CBFE}
		{ECEE9EF6-A435-4E6F-B730-273256D66C60} = {F9E40BE3-8E6A-45DC-A33C-D148B7F5CBFE}
		{1BCD1286-74D0-49CB-873E-48F58D376720} = {B3B4B4DB-83F5-4E02-AF8D-E77B96B2B0E0}
		{991834BD-1B6E-41EB-AA5D-EE7EBD0A963E} = {599B3398-3948-4E69-8DF6-3204B5F204E6}
		{4BF33114-093C-46CC-AC1B-F1B52428ADF5} = {599B3398-3948-4E69-8DF6-3204B5F204E6}
		{8E3B4959-8238-49F7-922C-B57585E3B333} = {A504822F-0CB9-4C5E-BB3C-62B8B8C0C5D0}
	EndGlobalSection
	GlobalSection(ExtensibilityGlobals) = postSolution
		SolutionGuid = {CD054107-31A8-4983-8ACC-8C1F6DDF0A6C}
	EndGlobalSection
EndGlobal
